{
  "object": {
    "pins": [
      {
        "package": "argon2",
        "repositoryURL": "https://github.com/P-H-C/phc-winner-argon2.git",
        "state": {
          "branch": "master",
          "revision": "16d3df698db2486dde480b09a732bf9bf48599f9",
          "version": null
        }
      }
    ]
  },
  "version": 1
}
