// !$*UTF8*$!
{
	archiveVersion = 1;
	classes = {
	};
	objectVersion = 46;
	objects = {

/* Begin PBXAggregateTarget section */
		"Argon2Swift::Argon2SwiftPackageTests::ProductTarget" /* Argon2SwiftPackageTests */ = {
			isa = PBXAggregateTarget;
			buildConfigurationList = OBJ_78 /* Build configuration list for PBXAggregateTarget "Argon2SwiftPackageTests" */;
			buildPhases = (
			);
			dependencies = (
				OBJ_81 /* PBXTargetDependency */,
			);
			name = Argon2SwiftPackageTests;
			productName = Argon2SwiftPackageTests;
		};
/* End PBXAggregateTarget section */

/* Begin PBXBuildFile section */
		OBJ_44 /* argon2.c in Sources */ = {isa = PBXBuildFile; fileRef = OBJ_10 /* argon2.c */; };
		OBJ_45 /* bench.c in Sources */ = {isa = PBXBuildFile; fileRef = OBJ_11 /* bench.c */; };
		OBJ_46 /* blake2b.c in Sources */ = {isa = PBXBuildFile; fileRef = OBJ_13 /* blake2b.c */; };
		OBJ_47 /* core.c in Sources */ = {isa = PBXBuildFile; fileRef = OBJ_14 /* core.c */; };
		OBJ_48 /* encoding.c in Sources */ = {isa = PBXBuildFile; fileRef = OBJ_15 /* encoding.c */; };
		OBJ_51 /* ref.c in Sources */ = {isa = PBXBuildFile; fileRef = OBJ_18 /* ref.c */; };
		OBJ_54 /* thread.c in Sources */ = {isa = PBXBuildFile; fileRef = OBJ_21 /* thread.c */; };
		OBJ_61 /* Argon2Swift.swift in Sources */ = {isa = PBXBuildFile; fileRef = OBJ_26 /* Argon2Swift.swift */; };
		OBJ_62 /* Argon2SwiftErrorCode.swift in Sources */ = {isa = PBXBuildFile; fileRef = OBJ_27 /* Argon2SwiftErrorCode.swift */; };
		OBJ_63 /* Argon2SwiftException.swift in Sources */ = {isa = PBXBuildFile; fileRef = OBJ_28 /* Argon2SwiftException.swift */; };
		OBJ_64 /* Argon2SwiftResult.swift in Sources */ = {isa = PBXBuildFile; fileRef = OBJ_29 /* Argon2SwiftResult.swift */; };
		OBJ_65 /* Argon2Type.swift in Sources */ = {isa = PBXBuildFile; fileRef = OBJ_30 /* Argon2Type.swift */; };
		OBJ_66 /* Argon2Version.swift in Sources */ = {isa = PBXBuildFile; fileRef = OBJ_31 /* Argon2Version.swift */; };
		OBJ_67 /* Salt.swift in Sources */ = {isa = PBXBuildFile; fileRef = OBJ_32 /* Salt.swift */; };
		OBJ_69 /* Argon2.framework in Frameworks */ = {isa = PBXBuildFile; fileRef = "Argon2Swift::Argon2::Product" /* Argon2.framework */; };
		OBJ_76 /* Package.swift in Sources */ = {isa = PBXBuildFile; fileRef = OBJ_6 /* Package.swift */; };
		OBJ_87 /* Argon2SwiftTests.swift in Sources */ = {isa = PBXBuildFile; fileRef = OBJ_34 /* Argon2SwiftTests.swift */; };
		OBJ_89 /* Argon2Swift.framework in Frameworks */ = {isa = PBXBuildFile; fileRef = "Argon2Swift::Argon2Swift::Product" /* Argon2Swift.framework */; };
		OBJ_90 /* Argon2.framework in Frameworks */ = {isa = PBXBuildFile; fileRef = "Argon2Swift::Argon2::Product" /* Argon2.framework */; };
/* End PBXBuildFile section */

/* Begin PBXContainerItemProxy section */
		A44E74E225EC678800137A6F /* PBXContainerItemProxy */ = {
			isa = PBXContainerItemProxy;
			containerPortal = OBJ_1 /* Project object */;
			proxyType = 1;
			remoteGlobalIDString = "Argon2Swift::Argon2";
			remoteInfo = Argon2;
		};
		A44E74E325EC678900137A6F /* PBXContainerItemProxy */ = {
			isa = PBXContainerItemProxy;
			containerPortal = OBJ_1 /* Project object */;
			proxyType = 1;
			remoteGlobalIDString = "Argon2Swift::Argon2Swift";
			remoteInfo = Argon2Swift;
		};
		A44E74E425EC678900137A6F /* PBXContainerItemProxy */ = {
			isa = PBXContainerItemProxy;
			containerPortal = OBJ_1 /* Project object */;
			proxyType = 1;
			remoteGlobalIDString = "Argon2Swift::Argon2";
			remoteInfo = Argon2;
		};
		A44E74E825EC679B00137A6F /* PBXContainerItemProxy */ = {
			isa = PBXContainerItemProxy;
			containerPortal = OBJ_1 /* Project object */;
			proxyType = 1;
			remoteGlobalIDString = "Argon2Swift::Argon2SwiftTests";
			remoteInfo = Argon2SwiftTests;
		};
/* End PBXContainerItemProxy section */

/* Begin PBXFileReference section */
		"Argon2Swift::Argon2::Product" /* Argon2.framework */ = {isa = PBXFileReference; lastKnownFileType = wrapper.framework; path = Argon2.framework; sourceTree = BUILT_PRODUCTS_DIR; };
		"Argon2Swift::Argon2Swift::Product" /* Argon2Swift.framework */ = {isa = PBXFileReference; lastKnownFileType = wrapper.framework; path = Argon2Swift.framework; sourceTree = BUILT_PRODUCTS_DIR; };
		"Argon2Swift::Argon2SwiftTests::Product" /* Argon2SwiftTests.xctest */ = {isa = PBXFileReference; lastKnownFileType = file; path = Argon2SwiftTests.xctest; sourceTree = BUILT_PRODUCTS_DIR; };
		OBJ_10 /* argon2.c */ = {isa = PBXFileReference; lastKnownFileType = sourcecode.c.c; path = argon2.c; sourceTree = "<group>"; };
		OBJ_11 /* bench.c */ = {isa = PBXFileReference; lastKnownFileType = sourcecode.c.c; path = bench.c; sourceTree = "<group>"; };
		OBJ_13 /* blake2b.c */ = {isa = PBXFileReference; lastKnownFileType = sourcecode.c.c; path = blake2b.c; sourceTree = "<group>"; };
		OBJ_14 /* core.c */ = {isa = PBXFileReference; lastKnownFileType = sourcecode.c.c; path = core.c; sourceTree = "<group>"; };
		OBJ_15 /* encoding.c */ = {isa = PBXFileReference; lastKnownFileType = sourcecode.c.c; path = encoding.c; sourceTree = "<group>"; };
		OBJ_18 /* ref.c */ = {isa = PBXFileReference; lastKnownFileType = sourcecode.c.c; path = ref.c; sourceTree = "<group>"; };
		OBJ_21 /* thread.c */ = {isa = PBXFileReference; lastKnownFileType = sourcecode.c.c; path = thread.c; sourceTree = "<group>"; };
		OBJ_23 /* argon2.h */ = {isa = PBXFileReference; lastKnownFileType = sourcecode.c.h; path = argon2.h; sourceTree = "<group>"; };
		OBJ_24 /* module.modulemap */ = {isa = PBXFileReference; lastKnownFileType = "sourcecode.module-map"; name = module.modulemap; path = /Users/tejasmehta/Desktop/Development/Frameworks/Argon2Swift/Argon2Swift.xcodeproj/GeneratedModuleMap/Argon2/module.modulemap; sourceTree = "<group>"; };
		OBJ_26 /* Argon2Swift.swift */ = {isa = PBXFileReference; lastKnownFileType = sourcecode.swift; path = Argon2Swift.swift; sourceTree = "<group>"; };
		OBJ_27 /* Argon2SwiftErrorCode.swift */ = {isa = PBXFileReference; lastKnownFileType = sourcecode.swift; path = Argon2SwiftErrorCode.swift; sourceTree = "<group>"; };
		OBJ_28 /* Argon2SwiftException.swift */ = {isa = PBXFileReference; lastKnownFileType = sourcecode.swift; path = Argon2SwiftException.swift; sourceTree = "<group>"; };
		OBJ_29 /* Argon2SwiftResult.swift */ = {isa = PBXFileReference; lastKnownFileType = sourcecode.swift; path = Argon2SwiftResult.swift; sourceTree = "<group>"; };
		OBJ_30 /* Argon2Type.swift */ = {isa = PBXFileReference; lastKnownFileType = sourcecode.swift; path = Argon2Type.swift; sourceTree = "<group>"; };
		OBJ_31 /* Argon2Version.swift */ = {isa = PBXFileReference; lastKnownFileType = sourcecode.swift; path = Argon2Version.swift; sourceTree = "<group>"; };
		OBJ_32 /* Salt.swift */ = {isa = PBXFileReference; lastKnownFileType = sourcecode.swift; path = Salt.swift; sourceTree = "<group>"; };
		OBJ_34 /* Argon2SwiftTests.swift */ = {isa = PBXFileReference; lastKnownFileType = sourcecode.swift; path = Argon2SwiftTests.swift; sourceTree = "<group>"; };
		OBJ_6 /* Package.swift */ = {isa = PBXFileReference; explicitFileType = sourcecode.swift; path = Package.swift; sourceTree = "<group>"; };
/* End PBXFileReference section */

/* Begin PBXFrameworksBuildPhase section */
		OBJ_55 /* Frameworks */ = {
			isa = PBXFrameworksBuildPhase;
			buildActionMask = 0;
			files = (
			);
			runOnlyForDeploymentPostprocessing = 0;
		};
		OBJ_68 /* Frameworks */ = {
			isa = PBXFrameworksBuildPhase;
			buildActionMask = 0;
			files = (
				OBJ_69 /* Argon2.framework in Frameworks */,
			);
			runOnlyForDeploymentPostprocessing = 0;
		};
		OBJ_88 /* Frameworks */ = {
			isa = PBXFrameworksBuildPhase;
			buildActionMask = 0;
			files = (
				OBJ_89 /* Argon2Swift.framework in Frameworks */,
				OBJ_90 /* Argon2.framework in Frameworks */,
			);
			runOnlyForDeploymentPostprocessing = 0;
		};
/* End PBXFrameworksBuildPhase section */

/* Begin PBXGroup section */
		OBJ_12 /* blake2 */ = {
			isa = PBXGroup;
			children = (
				OBJ_13 /* blake2b.c */,
			);
			path = blake2;
			sourceTree = "<group>";
		};
		OBJ_22 /* include */ = {
			isa = PBXGroup;
			children = (
				OBJ_23 /* argon2.h */,
				OBJ_24 /* module.modulemap */,
			);
			path = include;
			sourceTree = "<group>";
		};
		OBJ_25 /* Argon2Swift */ = {
			isa = PBXGroup;
			children = (
				OBJ_26 /* Argon2Swift.swift */,
				OBJ_27 /* Argon2SwiftErrorCode.swift */,
				OBJ_28 /* Argon2SwiftException.swift */,
				OBJ_29 /* Argon2SwiftResult.swift */,
				OBJ_30 /* Argon2Type.swift */,
				OBJ_31 /* Argon2Version.swift */,
				OBJ_32 /* Salt.swift */,
			);
			name = Argon2Swift;
			path = Sources/Swift;
			sourceTree = SOURCE_ROOT;
		};
		OBJ_33 /* Tests */ = {
			isa = PBXGroup;
			children = (
				OBJ_34 /* Argon2SwiftTests.swift */,
			);
			path = Tests;
			sourceTree = SOURCE_ROOT;
		};
		OBJ_35 /* Products */ = {
			isa = PBXGroup;
			children = (
				"Argon2Swift::Argon2SwiftTests::Product" /* Argon2SwiftTests.xctest */,
				"Argon2Swift::Argon2::Product" /* Argon2.framework */,
				"Argon2Swift::Argon2Swift::Product" /* Argon2Swift.framework */,
			);
			name = Products;
			sourceTree = BUILT_PRODUCTS_DIR;
		};
		OBJ_5 /*  */ = {
			isa = PBXGroup;
			children = (
				OBJ_6 /* Package.swift */,
				OBJ_7 /* Sources */,
				OBJ_33 /* Tests */,
				OBJ_35 /* Products */,
			);
			name = "";
			sourceTree = "<group>";
		};
		OBJ_7 /* Sources */ = {
			isa = PBXGroup;
			children = (
				OBJ_8 /* Argon2 */,
				OBJ_25 /* Argon2Swift */,
			);
			name = Sources;
			sourceTree = SOURCE_ROOT;
		};
		OBJ_8 /* Argon2 */ = {
			isa = PBXGroup;
			children = (
				OBJ_9 /* src */,
				OBJ_22 /* include */,
			);
			name = Argon2;
			path = Sources/Argon2;
			sourceTree = SOURCE_ROOT;
		};
		OBJ_9 /* src */ = {
			isa = PBXGroup;
			children = (
				OBJ_10 /* argon2.c */,
				OBJ_11 /* bench.c */,
				OBJ_12 /* blake2 */,
				OBJ_14 /* core.c */,
				OBJ_15 /* encoding.c */,
				OBJ_18 /* ref.c */,
				OBJ_21 /* thread.c */,
			);
			path = src;
			sourceTree = "<group>";
		};
/* End PBXGroup section */

/* Begin PBXNativeTarget section */
		"Argon2Swift::Argon2" /* Argon2 */ = {
			isa = PBXNativeTarget;
			buildConfigurationList = OBJ_40 /* Build configuration list for PBXNativeTarget "Argon2" */;
			buildPhases = (
				OBJ_43 /* Sources */,
				OBJ_55 /* Frameworks */,
			);
			buildRules = (
			);
			dependencies = (
			);
			name = Argon2;
			productName = Argon2;
			productReference = "Argon2Swift::Argon2::Product" /* Argon2.framework */;
			productType = "com.apple.product-type.framework";
		};
		"Argon2Swift::Argon2Swift" /* Argon2Swift */ = {
			isa = PBXNativeTarget;
			buildConfigurationList = OBJ_57 /* Build configuration list for PBXNativeTarget "Argon2Swift" */;
			buildPhases = (
				OBJ_60 /* Sources */,
				OBJ_68 /* Frameworks */,
			);
			buildRules = (
			);
			dependencies = (
				OBJ_70 /* PBXTargetDependency */,
			);
			name = Argon2Swift;
			productName = Argon2Swift;
			productReference = "Argon2Swift::Argon2Swift::Product" /* Argon2Swift.framework */;
			productType = "com.apple.product-type.framework";
		};
		"Argon2Swift::Argon2SwiftTests" /* Argon2SwiftTests */ = {
			isa = PBXNativeTarget;
			buildConfigurationList = OBJ_83 /* Build configuration list for PBXNativeTarget "Argon2SwiftTests" */;
			buildPhases = (
				OBJ_86 /* Sources */,
				OBJ_88 /* Frameworks */,
			);
			buildRules = (
			);
			dependencies = (
				OBJ_91 /* PBXTargetDependency */,
				OBJ_92 /* PBXTargetDependency */,
			);
			name = Argon2SwiftTests;
			productName = Argon2SwiftTests;
			productReference = "Argon2Swift::Argon2SwiftTests::Product" /* Argon2SwiftTests.xctest */;
			productType = "com.apple.product-type.bundle.unit-test";
		};
		"Argon2Swift::SwiftPMPackageDescription" /* Argon2SwiftPackageDescription */ = {
			isa = PBXNativeTarget;
			buildConfigurationList = OBJ_72 /* Build configuration list for PBXNativeTarget "Argon2SwiftPackageDescription" */;
			buildPhases = (
				OBJ_75 /* Sources */,
			);
			buildRules = (
			);
			dependencies = (
			);
			name = Argon2SwiftPackageDescription;
			productName = Argon2SwiftPackageDescription;
			productType = "com.apple.product-type.framework";
		};
/* End PBXNativeTarget section */

/* Begin PBXProject section */
		OBJ_1 /* Project object */ = {
			isa = PBXProject;
			attributes = {
				LastSwiftMigration = 9999;
				LastUpgradeCheck = 9999;
			};
			buildConfigurationList = OBJ_2 /* Build configuration list for PBXProject "Argon2Swift" */;
			compatibilityVersion = "Xcode 3.2";
			developmentRegion = en;
			hasScannedForEncodings = 0;
			knownRegions = (
				en,
			);
			mainGroup = OBJ_5 /*  */;
			productRefGroup = OBJ_35 /* Products */;
			projectDirPath = "";
			projectRoot = "";
			targets = (
				"Argon2Swift::Argon2" /* Argon2 */,
				"Argon2Swift::Argon2Swift" /* Argon2Swift */,
				"Argon2Swift::SwiftPMPackageDescription" /* Argon2SwiftPackageDescription */,
				"Argon2Swift::Argon2SwiftPackageTests::ProductTarget" /* Argon2SwiftPackageTests */,
				"Argon2Swift::Argon2SwiftTests" /* Argon2SwiftTests */,
			);
		};
/* End PBXProject section */

/* Begin PBXSourcesBuildPhase section */
		OBJ_43 /* Sources */ = {
			isa = PBXSourcesBuildPhase;
			buildActionMask = 0;
			files = (
				OBJ_44 /* argon2.c in Sources */,
				OBJ_45 /* bench.c in Sources */,
				OBJ_46 /* blake2b.c in Sources */,
				OBJ_47 /* core.c in Sources */,
				OBJ_48 /* encoding.c in Sources */,
				OBJ_51 /* ref.c in Sources */,
				OBJ_54 /* thread.c in Sources */,
			);
			runOnlyForDeploymentPostprocessing = 0;
		};
		OBJ_60 /* Sources */ = {
			isa = PBXSourcesBuildPhase;
			buildActionMask = 0;
			files = (
				OBJ_61 /* Argon2Swift.swift in Sources */,
				OBJ_62 /* Argon2SwiftErrorCode.swift in Sources */,
				OBJ_63 /* Argon2SwiftException.swift in Sources */,
				OBJ_64 /* Argon2SwiftResult.swift in Sources */,
				OBJ_65 /* Argon2Type.swift in Sources */,
				OBJ_66 /* Argon2Version.swift in Sources */,
				OBJ_67 /* Salt.swift in Sources */,
			);
			runOnlyForDeploymentPostprocessing = 0;
		};
		OBJ_75 /* Sources */ = {
			isa = PBXSourcesBuildPhase;
			buildActionMask = 0;
			files = (
				OBJ_76 /* Package.swift in Sources */,
			);
			runOnlyForDeploymentPostprocessing = 0;
		};
		OBJ_86 /* Sources */ = {
			isa = PBXSourcesBuildPhase;
			buildActionMask = 0;
			files = (
				OBJ_87 /* Argon2SwiftTests.swift in Sources */,
			);
			runOnlyForDeploymentPostprocessing = 0;
		};
/* End PBXSourcesBuildPhase section */

/* Begin PBXTargetDependency section */
		OBJ_70 /* PBXTargetDependency */ = {
			isa = PBXTargetDependency;
			target = "Argon2Swift::Argon2" /* Argon2 */;
			targetProxy = A44E74E225EC678800137A6F /* PBXContainerItemProxy */;
		};
		OBJ_81 /* PBXTargetDependency */ = {
			isa = PBXTargetDependency;
			target = "Argon2Swift::Argon2SwiftTests" /* Argon2SwiftTests */;
			targetProxy = A44E74E825EC679B00137A6F /* PBXContainerItemProxy */;
		};
		OBJ_91 /* PBXTargetDependency */ = {
			isa = PBXTargetDependency;
			target = "Argon2Swift::Argon2Swift" /* Argon2Swift */;
			targetProxy = A44E74E325EC678900137A6F /* PBXContainerItemProxy */;
		};
		OBJ_92 /* PBXTargetDependency */ = {
			isa = PBXTargetDependency;
			target = "Argon2Swift::Argon2" /* Argon2 */;
			targetProxy = A44E74E425EC678900137A6F /* PBXContainerItemProxy */;
		};
/* End PBXTargetDependency section */

/* Begin XCBuildConfiguration section */
		OBJ_3 /* Debug */ = {
			isa = XCBuildConfiguration;
			buildSettings = {
				CLANG_ENABLE_OBJC_ARC = YES;
				COMBINE_HIDPI_IMAGES = YES;
				COPY_PHASE_STRIP = NO;
				DEBUG_INFORMATION_FORMAT = dwarf;
				DYLIB_INSTALL_NAME_BASE = "@rpath";
				ENABLE_NS_ASSERTIONS = YES;
				GCC_OPTIMIZATION_LEVEL = 0;
				GCC_PREPROCESSOR_DEFINITIONS = (
					"$(inherited)",
					"SWIFT_PACKAGE=1",
					"DEBUG=1",
				);
				MACOSX_DEPLOYMENT_TARGET = 10.10;
				ONLY_ACTIVE_ARCH = YES;
				OTHER_SWIFT_FLAGS = "$(inherited) -DXcode";
				PRODUCT_NAME = "$(TARGET_NAME)";
				SDKROOT = macosx;
				SUPPORTED_PLATFORMS = "macosx iphoneos iphonesimulator appletvos appletvsimulator watchos watchsimulator";
				SWIFT_ACTIVE_COMPILATION_CONDITIONS = "$(inherited) SWIFT_PACKAGE DEBUG";
				SWIFT_OPTIMIZATION_LEVEL = "-Onone";
				USE_HEADERMAP = NO;
			};
			name = Debug;
		};
		OBJ_4 /* Release */ = {
			isa = XCBuildConfiguration;
			buildSettings = {
				CLANG_ENABLE_OBJC_ARC = YES;
				COMBINE_HIDPI_IMAGES = YES;
				COPY_PHASE_STRIP = YES;
				DEBUG_INFORMATION_FORMAT = "dwarf-with-dsym";
				DYLIB_INSTALL_NAME_BASE = "@rpath";
				GCC_OPTIMIZATION_LEVEL = s;
				GCC_PREPROCESSOR_DEFINITIONS = (
					"$(inherited)",
					"SWIFT_PACKAGE=1",
				);
				MACOSX_DEPLOYMENT_TARGET = 10.10;
				OTHER_SWIFT_FLAGS = "$(inherited) -DXcode";
				PRODUCT_NAME = "$(TARGET_NAME)";
				SDKROOT = macosx;
				SUPPORTED_PLATFORMS = "macosx iphoneos iphonesimulator appletvos appletvsimulator watchos watchsimulator";
				SWIFT_ACTIVE_COMPILATION_CONDITIONS = "$(inherited) SWIFT_PACKAGE";
				SWIFT_OPTIMIZATION_LEVEL = "-Owholemodule";
				USE_HEADERMAP = NO;
			};
			name = Release;
		};
		OBJ_41 /* Debug */ = {
			isa = XCBuildConfiguration;
			buildSettings = {
				DEFINES_MODULE = NO;
				ENABLE_TESTABILITY = YES;
				FRAMEWORK_SEARCH_PATHS = (
					"$(inherited)",
					"$(PLATFORM_DIR)/Developer/Library/Frameworks",
				);
				HEADER_SEARCH_PATHS = (
					"$(inherited)",
					"$(SRCROOT)/Sources/Argon2/include",
				);
				INFOPLIST_FILE = Argon2Swift.xcodeproj/Argon2_Info.plist;
				IPHONEOS_DEPLOYMENT_TARGET = 9.0;
				LD_RUNPATH_SEARCH_PATHS = "$(inherited) $(TOOLCHAIN_DIR)/usr/lib/swift/macosx";
				MACOSX_DEPLOYMENT_TARGET = 10.10;
				OTHER_CFLAGS = "$(inherited)";
				OTHER_LDFLAGS = "$(inherited)";
				OTHER_SWIFT_FLAGS = "$(inherited)";
				PRODUCT_BUNDLE_IDENTIFIER = Argon2;
				PRODUCT_MODULE_NAME = "$(TARGET_NAME:c99extidentifier)";
				PRODUCT_NAME = "$(TARGET_NAME:c99extidentifier)";
				SKIP_INSTALL = YES;
				SWIFT_ACTIVE_COMPILATION_CONDITIONS = "$(inherited)";
				TARGET_NAME = Argon2;
				TVOS_DEPLOYMENT_TARGET = 9.0;
				WATCHOS_DEPLOYMENT_TARGET = 2.0;
			};
			name = Debug;
		};
		OBJ_42 /* Release */ = {
			isa = XCBuildConfiguration;
			buildSettings = {
				DEFINES_MODULE = NO;
				ENABLE_TESTABILITY = YES;
				FRAMEWORK_SEARCH_PATHS = (
					"$(inherited)",
					"$(PLATFORM_DIR)/Developer/Library/Frameworks",
				);
				HEADER_SEARCH_PATHS = (
					"$(inherited)",
					"$(SRCROOT)/Sources/Argon2/include",
				);
				INFOPLIST_FILE = Argon2Swift.xcodeproj/Argon2_Info.plist;
				IPHONEOS_DEPLOYMENT_TARGET = 9.0;
				LD_RUNPATH_SEARCH_PATHS = "$(inherited) $(TOOLCHAIN_DIR)/usr/lib/swift/macosx";
				MACOSX_DEPLOYMENT_TARGET = 10.10;
				OTHER_CFLAGS = "$(inherited)";
				OTHER_LDFLAGS = "$(inherited)";
				OTHER_SWIFT_FLAGS = "$(inherited)";
				PRODUCT_BUNDLE_IDENTIFIER = Argon2;
				PRODUCT_MODULE_NAME = "$(TARGET_NAME:c99extidentifier)";
				PRODUCT_NAME = "$(TARGET_NAME:c99extidentifier)";
				SKIP_INSTALL = YES;
				SWIFT_ACTIVE_COMPILATION_CONDITIONS = "$(inherited)";
				TARGET_NAME = Argon2;
				TVOS_DEPLOYMENT_TARGET = 9.0;
				WATCHOS_DEPLOYMENT_TARGET = 2.0;
			};
			name = Release;
		};
		OBJ_58 /* Debug */ = {
			isa = XCBuildConfiguration;
			buildSettings = {
				ENABLE_TESTABILITY = YES;
				FRAMEWORK_SEARCH_PATHS = (
					"$(inherited)",
					"$(PLATFORM_DIR)/Developer/Library/Frameworks",
				);
				HEADER_SEARCH_PATHS = (
					"$(inherited)",
					"$(SRCROOT)/Sources/Argon2/include",
					"$(SRCROOT)/Argon2Swift.xcodeproj/GeneratedModuleMap/Argon2",
				);
				INFOPLIST_FILE = Argon2Swift.xcodeproj/Argon2Swift_Info.plist;
				IPHONEOS_DEPLOYMENT_TARGET = 9.0;
				LD_RUNPATH_SEARCH_PATHS = "$(inherited) $(TOOLCHAIN_DIR)/usr/lib/swift/macosx";
				MACOSX_DEPLOYMENT_TARGET = 10.10;
				OTHER_CFLAGS = "$(inherited)";
				OTHER_LDFLAGS = "$(inherited)";
				OTHER_SWIFT_FLAGS = "$(inherited) -Xcc -fmodule-map-file=$(SRCROOT)/Argon2Swift.xcodeproj/GeneratedModuleMap/Argon2/module.modulemap";
				PRODUCT_BUNDLE_IDENTIFIER = Argon2Swift;
				PRODUCT_MODULE_NAME = "$(TARGET_NAME:c99extidentifier)";
				PRODUCT_NAME = "$(TARGET_NAME:c99extidentifier)";
				SKIP_INSTALL = YES;
				SWIFT_ACTIVE_COMPILATION_CONDITIONS = "$(inherited)";
				SWIFT_VERSION = 5.0;
				TARGET_NAME = Argon2Swift;
				TVOS_DEPLOYMENT_TARGET = 9.0;
				WATCHOS_DEPLOYMENT_TARGET = 2.0;
			};
			name = Debug;
		};
		OBJ_59 /* Release */ = {
			isa = XCBuildConfiguration;
			buildSettings = {
				ENABLE_TESTABILITY = YES;
				FRAMEWORK_SEARCH_PATHS = (
					"$(inherited)",
					"$(PLATFORM_DIR)/Developer/Library/Frameworks",
				);
				HEADER_SEARCH_PATHS = (
					"$(inherited)",
					"$(SRCROOT)/Sources/Argon2/include",
					"$(SRCROOT)/Argon2Swift.xcodeproj/GeneratedModuleMap/Argon2",
				);
				INFOPLIST_FILE = Argon2Swift.xcodeproj/Argon2Swift_Info.plist;
				IPHONEOS_DEPLOYMENT_TARGET = 9.0;
				LD_RUNPATH_SEARCH_PATHS = "$(inherited) $(TOOLCHAIN_DIR)/usr/lib/swift/macosx";
				MACOSX_DEPLOYMENT_TARGET = 10.10;
				OTHER_CFLAGS = "$(inherited)";
				OTHER_LDFLAGS = "$(inherited)";
				OTHER_SWIFT_FLAGS = "$(inherited) -Xcc -fmodule-map-file=$(SRCROOT)/Argon2Swift.xcodeproj/GeneratedModuleMap/Argon2/module.modulemap";
				PRODUCT_BUNDLE_IDENTIFIER = Argon2Swift;
				PRODUCT_MODULE_NAME = "$(TARGET_NAME:c99extidentifier)";
				PRODUCT_NAME = "$(TARGET_NAME:c99extidentifier)";
				SKIP_INSTALL = YES;
				SWIFT_ACTIVE_COMPILATION_CONDITIONS = "$(inherited)";
				SWIFT_VERSION = 5.0;
				TARGET_NAME = Argon2Swift;
				TVOS_DEPLOYMENT_TARGET = 9.0;
				WATCHOS_DEPLOYMENT_TARGET = 2.0;
			};
			name = Release;
		};
		OBJ_73 /* Debug */ = {
			isa = XCBuildConfiguration;
			buildSettings = {
				LD = /usr/bin/true;
				OTHER_SWIFT_FLAGS = "-swift-version 5 -I $(TOOLCHAIN_DIR)/usr/lib/swift/pm/4_2 -sdk /Applications/Xcode.app/Contents/Developer/Platforms/MacOSX.platform/Developer/SDKs/MacOSX11.1.sdk -package-description-version 5.3.0";
				SWIFT_VERSION = 5.0;
			};
			name = Debug;
		};
		OBJ_74 /* Release */ = {
			isa = XCBuildConfiguration;
			buildSettings = {
				LD = /usr/bin/true;
				OTHER_SWIFT_FLAGS = "-swift-version 5 -I $(TOOLCHAIN_DIR)/usr/lib/swift/pm/4_2 -sdk /Applications/Xcode.app/Contents/Developer/Platforms/MacOSX.platform/Developer/SDKs/MacOSX11.1.sdk -package-description-version 5.3.0";
				SWIFT_VERSION = 5.0;
			};
			name = Release;
		};
		OBJ_79 /* Debug */ = {
			isa = XCBuildConfiguration;
			buildSettings = {
			};
			name = Debug;
		};
		OBJ_80 /* Release */ = {
			isa = XCBuildConfiguration;
			buildSettings = {
			};
			name = Release;
		};
		OBJ_84 /* Debug */ = {
			isa = XCBuildConfiguration;
			buildSettings = {
				CLANG_ENABLE_MODULES = YES;
				EMBEDDED_CONTENT_CONTAINS_SWIFT = YES;
				FRAMEWORK_SEARCH_PATHS = (
					"$(inherited)",
					"$(PLATFORM_DIR)/Developer/Library/Frameworks",
				);
				HEADER_SEARCH_PATHS = (
					"$(inherited)",
					"$(SRCROOT)/Sources/Argon2/include",
					"$(SRCROOT)/Argon2Swift.xcodeproj/GeneratedModuleMap/Argon2",
				);
				INFOPLIST_FILE = Argon2Swift.xcodeproj/Argon2SwiftTests_Info.plist;
				IPHONEOS_DEPLOYMENT_TARGET = 14.0;
				LD_RUNPATH_SEARCH_PATHS = "$(inherited) @loader_path/../Frameworks @loader_path/Frameworks";
				MACOSX_DEPLOYMENT_TARGET = 10.15;
				OTHER_CFLAGS = "$(inherited)";
				OTHER_LDFLAGS = "$(inherited)";
				OTHER_SWIFT_FLAGS = "$(inherited) -Xcc -fmodule-map-file=$(SRCROOT)/Argon2Swift.xcodeproj/GeneratedModuleMap/Argon2/module.modulemap";
				SWIFT_ACTIVE_COMPILATION_CONDITIONS = "$(inherited)";
				SWIFT_VERSION = 5.0;
				TARGET_NAME = Argon2SwiftTests;
				TVOS_DEPLOYMENT_TARGET = 9.0;
				WATCHOS_DEPLOYMENT_TARGET = 2.0;
			};
			name = Debug;
		};
		OBJ_85 /* Release */ = {
			isa = XCBuildConfiguration;
			buildSettings = {
				CLANG_ENABLE_MODULES = YES;
				EMBEDDED_CONTENT_CONTAINS_SWIFT = YES;
				FRAMEWORK_SEARCH_PATHS = (
					"$(inherited)",
					"$(PLATFORM_DIR)/Developer/Library/Frameworks",
				);
				HEADER_SEARCH_PATHS = (
					"$(inherited)",
					"$(SRCROOT)/Sources/Argon2/include",
					"$(SRCROOT)/Argon2Swift.xcodeproj/GeneratedModuleMap/Argon2",
				);
				INFOPLIST_FILE = Argon2Swift.xcodeproj/Argon2SwiftTests_Info.plist;
				IPHONEOS_DEPLOYMENT_TARGET = 14.0;
				LD_RUNPATH_SEARCH_PATHS = "$(inherited) @loader_path/../Frameworks @loader_path/Frameworks";
				MACOSX_DEPLOYMENT_TARGET = 10.15;
				OTHER_CFLAGS = "$(inherited)";
				OTHER_LDFLAGS = "$(inherited)";
				OTHER_SWIFT_FLAGS = "$(inherited) -Xcc -fmodule-map-file=$(SRCROOT)/Argon2Swift.xcodeproj/GeneratedModuleMap/Argon2/module.modulemap";
				SWIFT_ACTIVE_COMPILATION_CONDITIONS = "$(inherited)";
				SWIFT_VERSION = 5.0;
				TARGET_NAME = Argon2SwiftTests;
				TVOS_DEPLOYMENT_TARGET = 9.0;
				WATCHOS_DEPLOYMENT_TARGET = 2.0;
			};
			name = Release;
		};
/* End XCBuildConfiguration section */

/* Begin XCConfigurationList section */
		OBJ_2 /* Build configuration list for PBXProject "Argon2Swift" */ = {
			isa = XCConfigurationList;
			buildConfigurations = (
				OBJ_3 /* Debug */,
				OBJ_4 /* Release */,
			);
			defaultConfigurationIsVisible = 0;
			defaultConfigurationName = Release;
		};
		OBJ_40 /* Build configuration list for PBXNativeTarget "Argon2" */ = {
			isa = XCConfigurationList;
			buildConfigurations = (
				OBJ_41 /* Debug */,
				OBJ_42 /* Release */,
			);
			defaultConfigurationIsVisible = 0;
			defaultConfigurationName = Release;
		};
		OBJ_57 /* Build configuration list for PBXNativeTarget "Argon2Swift" */ = {
			isa = XCConfigurationList;
			buildConfigurations = (
				OBJ_58 /* Debug */,
				OBJ_59 /* Release */,
			);
			defaultConfigurationIsVisible = 0;
			defaultConfigurationName = Release;
		};
		OBJ_72 /* Build configuration list for PBXNativeTarget "Argon2SwiftPackageDescription" */ = {
			isa = XCConfigurationList;
			buildConfigurations = (
				OBJ_73 /* Debug */,
				OBJ_74 /* Release */,
			);
			defaultConfigurationIsVisible = 0;
			defaultConfigurationName = Release;
		};
		OBJ_78 /* Build configuration list for PBXAggregateTarget "Argon2SwiftPackageTests" */ = {
			isa = XCConfigurationList;
			buildConfigurations = (
				OBJ_79 /* Debug */,
				OBJ_80 /* Release */,
			);
			defaultConfigurationIsVisible = 0;
			defaultConfigurationName = Release;
		};
		OBJ_83 /* Build configuration list for PBXNativeTarget "Argon2SwiftTests" */ = {
			isa = XCConfigurationList;
			buildConfigurations = (
				OBJ_84 /* Debug */,
				OBJ_85 /* Release */,
			);
			defaultConfigurationIsVisible = 0;
			defaultConfigurationName = Release;
		};
/* End XCConfigurationList section */
	};
	rootObject = OBJ_1 /* Project object */;
}
